// !$*UTF8*$!
{
	archiveVersion = 1;
	classes = {
	};
	objectVersion = 56;
	objects = {

/* Begin PBXBuildFile section */
		04A8668D2C5E309F0067D8E0 /* Assets.xcassets in Resources */ = {isa = PBXBuildFile; fileRef = 04A8668C2C5E309F0067D8E0 /* Assets.xcassets */; };
		04A866902C5E309F0067D8E0 /* Preview Assets.xcassets in Resources */ = {isa = PBXBuildFile; fileRef = 04A8668F2C5E309F0067D8E0 /* Preview Assets.xcassets */; };
		04A866992C5E31050067D8E0 /* ExchangeRateService.swift in Sources */ = {isa = PBXBuildFile; fileRef = 04A866982C5E31050067D8E0 /* ExchangeRateService.swift */; };
		04A8669B2C5E312D0067D8E0 /* ExchangeRateModels.swift in Sources */ = {isa = PBXBuildFile; fileRef = 04A8669A2C5E312D0067D8E0 /* ExchangeRateModels.swift */; };
		04A8669E2C5E318D0067D8E0 /* CurrencyConverterApp.swift in Sources */ = {isa = PBXBuildFile; fileRef = 04A8669D2C5E318D0067D8E0 /* CurrencyConverterApp.swift */; };
		04A866AD2C5E33170067D8E0 /* CurrencyButton.swift in Sources */ = {isa = PBXBuildFile; fileRef = 04A866AC2C5E33170067D8E0 /* CurrencyButton.swift */; };
		04A866B92C5E343C0067D8E0 /* ContentView.swift in Sources */ = {isa = PBXBuildFile; fileRef = 04A866B82C5E343C0067D8E0 /* ContentView.swift */; };
		04A866BB2C5E346D0067D8E0 /* CurrencyPickerView.swift in Sources */ = {isa = PBXBuildFile; fileRef = 04A866BA2C5E346D0067D8E0 /* CurrencyPickerView.swift */; };
		04A866BF2C5E34D30067D8E0 /* CurrencyTextField.swift in Sources */ = {isa = PBXBuildFile; fileRef = 04A866BE2C5E34D30067D8E0 /* CurrencyTextField.swift */; };
		04A866C32C5E35EE0067D8E0 /* CurrencyConverterViewModel.swift in Sources */ = {isa = PBXBuildFile; fileRef = 04A866C22C5E35EE0067D8E0 /* CurrencyConverterViewModel.swift */; };
/* End PBXBuildFile section */

/* Begin PBXFileReference section */
		04A866852C5E309E0067D8E0 /* Test_CurrencyConverter.app */ = {isa = PBXFileReference; explicitFileType = wrapper.application; includeInIndex = 0; path = Test_CurrencyConverter.app; sourceTree = BUILT_PRODUCTS_DIR; };
		04A8668C2C5E309F0067D8E0 /* Assets.xcassets */ = {isa = PBXFileReference; lastKnownFileType = folder.assetcatalog; path = Assets.xcassets; sourceTree = "<group>"; };
		04A8668F2C5E309F0067D8E0 /* Preview Assets.xcassets */ = {isa = PBXFileReference; lastKnownFileType = folder.assetcatalog; path = "Preview Assets.xcassets"; sourceTree = "<group>"; };
		04A866982C5E31050067D8E0 /* ExchangeRateService.swift */ = {isa = PBXFileReference; lastKnownFileType = sourcecode.swift; path = ExchangeRateService.swift; sourceTree = "<group>"; };
		04A8669A2C5E312D0067D8E0 /* ExchangeRateModels.swift */ = {isa = PBXFileReference; lastKnownFileType = sourcecode.swift; path = ExchangeRateModels.swift; sourceTree = "<group>"; };
		04A8669D2C5E318D0067D8E0 /* CurrencyConverterApp.swift */ = {isa = PBXFileReference; lastKnownFileType = sourcecode.swift; path = CurrencyConverterApp.swift; sourceTree = "<group>"; };
		04A866AC2C5E33170067D8E0 /* CurrencyButton.swift */ = {isa = PBXFileReference; lastKnownFileType = sourcecode.swift; path = CurrencyButton.swift; sourceTree = "<group>"; };
		04A866B82C5E343C0067D8E0 /* ContentView.swift */ = {isa = PBXFileReference; lastKnownFileType = sourcecode.swift; path = ContentView.swift; sourceTree = "<group>"; };
		04A866BA2C5E346D0067D8E0 /* CurrencyPickerView.swift */ = {isa = PBXFileReference; lastKnownFileType = sourcecode.swift; path = CurrencyPickerView.swift; sourceTree = "<group>"; };
		04A866BE2C5E34D30067D8E0 /* CurrencyTextField.swift */ = {isa = PBXFileReference; lastKnownFileType = sourcecode.swift; path = CurrencyTextField.swift; sourceTree = "<group>"; };
		04A866C22C5E35EE0067D8E0 /* CurrencyConverterViewModel.swift */ = {isa = PBXFileReference; lastKnownFileType = sourcecode.swift; path = CurrencyConverterViewModel.swift; sourceTree = "<group>"; };
/* End PBXFileReference section */

/* Begin PBXFrameworksBuildPhase section */
		04A866822C5E309E0067D8E0 /* Frameworks */ = {
			isa = PBXFrameworksBuildPhase;
			buildActionMask = 2147483647;
			files = (
			);
			runOnlyForDeploymentPostprocessing = 0;
		};
/* End PBXFrameworksBuildPhase section */

/* Begin PBXGroup section */
		04A8667C2C5E309E0067D8E0 = {
			isa = PBXGroup;
			children = (
				04A866872C5E309E0067D8E0 /* Test_CurrencyConverter */,
				04A866862C5E309E0067D8E0 /* Products */,
			);
			sourceTree = "<group>";
		};
		04A866862C5E309E0067D8E0 /* Products */ = {
			isa = PBXGroup;
			children = (
				04A866852C5E309E0067D8E0 /* Test_CurrencyConverter.app */,
			);
			name = Products;
			sourceTree = "<group>";
		};
		04A866872C5E309E0067D8E0 /* Test_CurrencyConverter */ = {
			isa = PBXGroup;
			children = (
				04A8669D2C5E318D0067D8E0 /* CurrencyConverterApp.swift */,
				04A866A72C5E31CF0067D8E0 /* ViewModels */,
				04A8669C2C5E31680067D8E0 /* Views */,
				04A866962C5E30CA0067D8E0 /* Models */,
				04A8668C2C5E309F0067D8E0 /* Assets.xcassets */,
				04A8668E2C5E309F0067D8E0 /* Preview Content */,
			);
			path = Test_CurrencyConverter;
			sourceTree = "<group>";
		};
		04A8668E2C5E309F0067D8E0 /* Preview Content */ = {
			isa = PBXGroup;
			children = (
				04A8668F2C5E309F0067D8E0 /* Preview Assets.xcassets */,
			);
			path = "Preview Content";
			sourceTree = "<group>";
		};
		04A866962C5E30CA0067D8E0 /* Models */ = {
			isa = PBXGroup;
			children = (
				04A866982C5E31050067D8E0 /* ExchangeRateService.swift */,
				04A8669A2C5E312D0067D8E0 /* ExchangeRateModels.swift */,
			);
			path = Models;
			sourceTree = "<group>";
		};
		04A8669C2C5E31680067D8E0 /* Views */ = {
			isa = PBXGroup;
			children = (
				04A866AC2C5E33170067D8E0 /* CurrencyButton.swift */,
				04A866B82C5E343C0067D8E0 /* ContentView.swift */,
				04A866BA2C5E346D0067D8E0 /* CurrencyPickerView.swift */,
				04A866BE2C5E34D30067D8E0 /* CurrencyTextField.swift */,
			);
			path = Views;
			sourceTree = "<group>";
		};
		04A866A72C5E31CF0067D8E0 /* ViewModels */ = {
			isa = PBXGroup;
			children = (
				04A866C22C5E35EE0067D8E0 /* CurrencyConverterViewModel.swift */,
			);
			path = ViewModels;
			sourceTree = "<group>";
		};
/* End PBXGroup section */

/* Begin PBXNativeTarget section */
		04A866842C5E309E0067D8E0 /* Test_CurrencyConverter */ = {
			isa = PBXNativeTarget;
			buildConfigurationList = 04A866932C5E309F0067D8E0 /* Build configuration list for PBXNativeTarget "Test_CurrencyConverter" */;
			buildPhases = (
				04A866812C5E309E0067D8E0 /* Sources */,
				04A866822C5E309E0067D8E0 /* Frameworks */,
				04A866832C5E309E0067D8E0 /* Resources */,
			);
			buildRules = (
			);
			dependencies = (
			);
			name = Test_CurrencyConverter;
			productName = Test_CurrencyConverter;
			productReference = 04A866852C5E309E0067D8E0 /* Test_CurrencyConverter.app */;
			productType = "com.apple.product-type.application";
		};
/* End PBXNativeTarget section */

/* Begin PBXProject section */
		04A8667D2C5E309E0067D8E0 /* Project object */ = {
			isa = PBXProject;
			attributes = {
				BuildIndependentTargetsInParallel = 1;
				LastSwiftUpdateCheck = 1430;
				LastUpgradeCheck = 1430;
				TargetAttributes = {
					04A866842C5E309E0067D8E0 = {
						CreatedOnToolsVersion = 14.3.1;
						LastSwiftMigration = 1430;
					};
				};
			};
			buildConfigurationList = 04A866802C5E309E0067D8E0 /* Build configuration list for PBXProject "Test_CurrencyConverter" */;
			compatibilityVersion = "Xcode 14.0";
			developmentRegion = en;
			hasScannedForEncodings = 0;
			knownRegions = (
				en,
				Base,
			);
			mainGroup = 04A8667C2C5E309E0067D8E0;
			productRefGroup = 04A866862C5E309E0067D8E0 /* Products */;
			projectDirPath = "";
			projectRoot = "";
			targets = (
				04A866842C5E309E0067D8E0 /* Test_CurrencyConverter */,
			);
		};
/* End PBXProject section */

/* Begin PBXResourcesBuildPhase section */
		04A866832C5E309E0067D8E0 /* Resources */ = {
			isa = PBXResourcesBuildPhase;
			buildActionMask = 2147483647;
			files = (
				04A866902C5E309F0067D8E0 /* Preview Assets.xcassets in Resources */,
				04A8668D2C5E309F0067D8E0 /* Assets.xcassets in Resources */,
			);
			runOnlyForDeploymentPostprocessing = 0;
		};
/* End PBXResourcesBuildPhase section */

/* Begin PBXSourcesBuildPhase section */
		04A866812C5E309E0067D8E0 /* Sources */ = {
			isa = PBXSourcesBuildPhase;
			buildActionMask = 2147483647;
			files = (
				04A866992C5E31050067D8E0 /* ExchangeRateService.swift in Sources */,
				04A8669E2C5E318D0067D8E0 /* CurrencyConverterApp.swift in Sources */,
				04A866B92C5E343C0067D8E0 /* ContentView.swift in Sources */,
				04A866BB2C5E346D0067D8E0 /* CurrencyPickerView.swift in Sources */,
				04A866C32C5E35EE0067D8E0 /* CurrencyConverterViewModel.swift in Sources */,
				04A866AD2C5E33170067D8E0 /* CurrencyButton.swift in Sources */,
				04A866BF2C5E34D30067D8E0 /* CurrencyTextField.swift in Sources */,
				04A8669B2C5E312D0067D8E0 /* ExchangeRateModels.swift in Sources */,
			);
			runOnlyForDeploymentPostprocessing = 0;
		};
/* End PBXSourcesBuildPhase section */

/* Begin XCBuildConfiguration section */
		04A866912C5E309F0067D8E0 /* Debug */ = {
			isa = XCBuildConfiguration;
			buildSettings = {
				ALWAYS_SEARCH_USER_PATHS = NO;
				CLANG_ANALYZER_NONNULL = YES;
				CLANG_ANALYZER_NUMBER_OBJECT_CONVERSION = YES_AGGRESSIVE;
				CLANG_CXX_LANGUAGE_STANDARD = "gnu++20";
				CLANG_ENABLE_MODULES = YES;
				CLANG_ENABLE_OBJC_ARC = YES;
				CLANG_ENABLE_OBJC_WEAK = YES;
				CLANG_WARN_BLOCK_CAPTURE_AUTORELEASING = YES;
				CLANG_WARN_BOOL_CONVERSION = YES;
				CLANG_WARN_COMMA = YES;
				CLANG_WARN_CONSTANT_CONVERSION = YES;
				CLANG_WARN_DEPRECATED_OBJC_IMPLEMENTATIONS = YES;
				CLANG_WARN_DIRECT_OBJC_ISA_USAGE = YES_ERROR;
				CLANG_WARN_DOCUMENTATION_COMMENTS = YES;
				CLANG_WARN_EMPTY_BODY = YES;
				CLANG_WARN_ENUM_CONVERSION = YES;
				CLANG_WARN_INFINITE_RECURSION = YES;
				CLANG_WARN_INT_CONVERSION = YES;
				CLANG_WARN_NON_LITERAL_NULL_CONVERSION = YES;
				CLANG_WARN_OBJC_IMPLICIT_RETAIN_SELF = YES;
				CLANG_WARN_OBJC_LITERAL_CONVERSION = YES;
				CLANG_WARN_OBJC_ROOT_CLASS = YES_ERROR;
				CLANG_WARN_QUOTED_INCLUDE_IN_FRAMEWORK_HEADER = YES;
				CLANG_WARN_RANGE_LOOP_ANALYSIS = YES;
				CLANG_WARN_STRICT_PROTOTYPES = YES;
				CLANG_WARN_SUSPICIOUS_MOVE = YES;
				CLANG_WARN_UNGUARDED_AVAILABILITY = YES_AGGRESSIVE;
				CLANG_WARN_UNREACHABLE_CODE = YES;
				CLANG_WARN__DUPLICATE_METHOD_MATCH = YES;
				COPY_PHASE_STRIP = NO;
				DEBUG_INFORMATION_FORMAT = dwarf;
				ENABLE_STRICT_OBJC_MSGSEND = YES;
				ENABLE_TESTABILITY = YES;
				GCC_C_LANGUAGE_STANDARD = gnu11;
				GCC_DYNAMIC_NO_PIC = NO;
				GCC_NO_COMMON_BLOCKS = YES;
				GCC_OPTIMIZATION_LEVEL = 0;
				GCC_PREPROCESSOR_DEFINITIONS = (
					"DEBUG=1",
					"$(inherited)",
				);
				GCC_WARN_64_TO_32_BIT_CONVERSION = YES;
				GCC_WARN_ABOUT_RETURN_TYPE = YES_ERROR;
				GCC_WARN_UNDECLARED_SELECTOR = YES;
				GCC_WARN_UNINITIALIZED_AUTOS = YES_AGGRESSIVE;
				GCC_WARN_UNUSED_FUNCTION = YES;
				GCC_WARN_UNUSED_VARIABLE = YES;
				IPHONEOS_DEPLOYMENT_TARGET = 16.4;
				MTL_ENABLE_DEBUG_INFO = INCLUDE_SOURCE;
				MTL_FAST_MATH = YES;
				ONLY_ACTIVE_ARCH = YES;
				SDKROOT = iphoneos;
				SWIFT_ACTIVE_COMPILATION_CONDITIONS = DEBUG;
				SWIFT_OPTIMIZATION_LEVEL = "-Onone";
			};
			name = Debug;
		};
		04A866922C5E309F0067D8E0 /* Release */ = {
			isa = XCBuildConfiguration;
			buildSettings = {
				ALWAYS_SEARCH_USER_PATHS = NO;
				CLANG_ANALYZER_NONNULL = YES;
				CLANG_ANALYZER_NUMBER_OBJECT_CONVERSION = YES_AGGRESSIVE;
				CLANG_CXX_LANGUAGE_STANDARD = "gnu++20";
				CLANG_ENABLE_MODULES = YES;
				CLANG_ENABLE_OBJC_ARC = YES;
				CLANG_ENABLE_OBJC_WEAK = YES;
				CLANG_WARN_BLOCK_CAPTURE_AUTORELEASING = YES;
				CLANG_WARN_BOOL_CONVERSION = YES;
				CLANG_WARN_COMMA = YES;
				CLANG_WARN_CONSTANT_CONVERSION = YES;
				CLANG_WARN_DEPRECATED_OBJC_IMPLEMENTATIONS = YES;
				CLANG_WARN_DIRECT_OBJC_ISA_USAGE = YES_ERROR;
				CLANG_WARN_DOCUMENTATION_COMMENTS = YES;
				CLANG_WARN_EMPTY_BODY = YES;
				CLANG_WARN_ENUM_CONVERSION = YES;
				CLANG_WARN_INFINITE_RECURSION = YES;
				CLANG_WARN_INT_CONVERSION = YES;
				CLANG_WARN_NON_LITERAL_NULL_CONVERSION = YES;
				CLANG_WARN_OBJC_IMPLICIT_RETAIN_SELF = YES;
				CLANG_WARN_OBJC_LITERAL_CONVERSION = YES;
				CLANG_WARN_OBJC_ROOT_CLASS = YES_ERROR;
				CLANG_WARN_QUOTED_INCLUDE_IN_FRAMEWORK_HEADER = YES;
				CLANG_WARN_RANGE_LOOP_ANALYSIS = YES;
				CLANG_WARN_STRICT_PROTOTYPES = YES;
				CLANG_WARN_SUSPICIOUS_MOVE = YES;
				CLANG_WARN_UNGUARDED_AVAILABILITY = YES_AGGRESSIVE;
				CLANG_WARN_UNREACHABLE_CODE = YES;
				CLANG_WARN__DUPLICATE_METHOD_MATCH = YES;
				COPY_PHASE_STRIP = NO;
				DEBUG_INFORMATION_FORMAT = "dwarf-with-dsym";
				ENABLE_NS_ASSERTIONS = NO;
				ENABLE_STRICT_OBJC_MSGSEND = YES;
				GCC_C_LANGUAGE_STANDARD = gnu11;
				GCC_NO_COMMON_BLOCKS = YES;
				GCC_WARN_64_TO_32_BIT_CONVERSION = YES;
				GCC_WARN_ABOUT_RETURN_TYPE = YES_ERROR;
				GCC_WARN_UNDECLARED_SELECTOR = YES;
				GCC_WARN_UNINITIALIZED_AUTOS = YES_AGGRESSIVE;
				GCC_WARN_UNUSED_FUNCTION = YES;
				GCC_WARN_UNUSED_VARIABLE = YES;
				IPHONEOS_DEPLOYMENT_TARGET = 16.4;
				MTL_ENABLE_DEBUG_INFO = NO;
				MTL_FAST_MATH = YES;
				SDKROOT = iphoneos;
				SWIFT_COMPILATION_MODE = wholemodule;
				SWIFT_OPTIMIZATION_LEVEL = "-O";
				VALIDATE_PRODUCT = YES;
			};
			name = Release;
		};
		04A866942C5E309F0067D8E0 /* Debug */ = {
			isa = XCBuildConfiguration;
			buildSettings = {
				ASSETCATALOG_COMPILER_APPICON_NAME = AppIcon;
				ASSETCATALOG_COMPILER_GLOBAL_ACCENT_COLOR_NAME = AccentColor;
				CLANG_ENABLE_MODULES = YES;
				CODE_SIGN_STYLE = Automatic;
				CURRENT_PROJECT_VERSION = 1;
				DEVELOPMENT_ASSET_PATHS = "\"Test_CurrencyConverter/Preview Content\"";
				ENABLE_PREVIEWS = YES;
				GENERATE_INFOPLIST_FILE = YES;
				INFOPLIST_KEY_UIApplicationSceneManifest_Generation = YES;
				INFOPLIST_KEY_UIApplicationSupportsIndirectInputEvents = YES;
				INFOPLIST_KEY_UILaunchScreen_Generation = YES;
				INFOPLIST_KEY_UISupportedInterfaceOrientations_iPad = "UIInterfaceOrientationPortrait UIInterfaceOrientationPortraitUpsideDown UIInterfaceOrientationLandscapeLeft UIInterfaceOrientationLandscapeRight";
				INFOPLIST_KEY_UISupportedInterfaceOrientations_iPhone = "UIInterfaceOrientationPortrait UIInterfaceOrientationLandscapeLeft UIInterfaceOrientationLandscapeRight";
				IPHONEOS_DEPLOYMENT_TARGET = 16.0;
				LD_RUNPATH_SEARCH_PATHS = (
					"$(inherited)",
					"@executable_path/Frameworks",
				);
				MARKETING_VERSION = 1.0;
				PRODUCT_BUNDLE_IDENTIFIER = "-.Test-CurrencyConverter";
				PRODUCT_NAME = "$(TARGET_NAME)";
				SWIFT_EMIT_LOC_STRINGS = YES;
				SWIFT_OBJC_BRIDGING_HEADER = "Test_CurrencyConverter/Models/Test_CurrencyConverter-Bridging-Header.h";
				SWIFT_OPTIMIZATION_LEVEL = "-Onone";
				SWIFT_VERSION = 5.0;
				TARGETED_DEVICE_FAMILY = "1,2";
			};
			name = Debug;
		};
		04A866952C5E309F0067D8E0 /* Release */ = {
			isa = XCBuildConfiguration;
			buildSettings = {
				ASSETCATALOG_COMPILER_APPICON_NAME = AppIcon;
				ASSETCATALOG_COMPILER_GLOBAL_ACCENT_COLOR_NAME = AccentColor;
				CLANG_ENABLE_MODULES = YES;
				CODE_SIGN_STYLE = Automatic;
				CURRENT_PROJECT_VERSION = 1;
				DEVELOPMENT_ASSET_PATHS = "\"Test_CurrencyConverter/Preview Content\"";
				ENABLE_PREVIEWS = YES;
				GENERATE_INFOPLIST_FILE = YES;
				INFOPLIST_KEY_UIApplicationSceneManifest_Generation = YES;
				INFOPLIST_KEY_UIApplicationSupportsIndirectInputEvents = YES;
				INFOPLIST_KEY_UILaunchScreen_Generation = YES;
				INFOPLIST_KEY_UISupportedInterfaceOrientations_iPad = "UIInterfaceOrientationPortrait UIInterfaceOrientationPortraitUpsideDown UIInterfaceOrientationLandscapeLeft UIInterfaceOrientationLandscapeRight";
				INFOPLIST_KEY_UISupportedInterfaceOrientations_iPhone = "UIInterfaceOrientationPortrait UIInterfaceOrientationLandscapeLeft UIInterfaceOrientationLandscapeRight";
				IPHONEOS_DEPLOYMENT_TARGET = 16.0;
				LD_RUNPATH_SEARCH_PATHS = (
					"$(inherited)",
					"@executable_path/Frameworks",
				);
				MARKETING_VERSION = 1.0;
				PRODUCT_BUNDLE_IDENTIFIER = "-.Test-CurrencyConverter";
				PRODUCT_NAME = "$(TARGET_NAME)";
				SWIFT_EMIT_LOC_STRINGS = YES;
				SWIFT_OBJC_BRIDGING_HEADER = "Test_CurrencyConverter/Models/Test_CurrencyConverter-Bridging-Header.h";
				SWIFT_VERSION = 5.0;
				TARGETED_DEVICE_FAMILY = "1,2";
			};
			name = Release;
		};
/* End XCBuildConfiguration section */

/* Begin XCConfigurationList section */
		04A866802C5E309E0067D8E0 /* Build configuration list for PBXProject "Test_CurrencyConverter" */ = {
			isa = XCConfigurationList;
			buildConfigurations = (
				04A866912C5E309F0067D8E0 /* Debug */,
				04A866922C5E309F0067D8E0 /* Release */,
			);
			defaultConfigurationIsVisible = 0;
			defaultConfigurationName = Release;
		};
		04A866932C5E309F0067D8E0 /* Build configuration list for PBXNativeTarget "Test_CurrencyConverter" */ = {
			isa = XCConfigurationList;
			buildConfigurations = (
				04A866942C5E309F0067D8E0 /* Debug */,
				04A866952C5E309F0067D8E0 /* Release */,
			);
			defaultConfigurationIsVisible = 0;
			defaultConfigurationName = Release;
		};
/* End XCConfigurationList section */
	};
	rootObject = 04A8667D2C5E309E0067D8E0 /* Project object */;
}
